
Microsoft Visual Studio Solution File, Format Version 12.00
# Visual Studio Version 17
VisualStudioVersion = 17.1.32210.238
MinimumVisualStudioVersion = 10.0.40219.1
Project("{9A19103F-16F7-4668-BE54-9A1E7A4F7556}") = "CosmosRepositoryPatternCRUD", "CosmosRepositoryPatternCRUD\CosmosRepositoryPatternCRUD.csproj", "{2C9DF5EB-EF9B-4A3D-B60C-8D269C25553E}"
EndProject
Project("{9A19103F-16F7-4668-BE54-9A1E7A4F7556}") = "ChangeFeedDemo", "ChangeFeedDemo\ChangeFeedDemo.csproj", "{9AAB0B2D-078C-4267-AB80-E8CF6E0D7647}"
EndProject
Project("{FAE04EC0-301F-11D3-BF4B-00C04F79EFBC}") = "DataArchiveFunction", "DataArchiveFunction\DataArchiveFunction.csproj", "{7E5671B4-BFE8-41EE-9AB1-7498EC491DB5}"
EndProject
Project("{FAE04EC0-301F-11D3-BF4B-00C04F79EFBC}") = "EmailAlert", "EmailAlert\EmailAlert.csproj", "{2F4D3D7B-0C93-41A4-B97F-2F98AD061C0A}"
EndProject
Global
	GlobalSection(SolutionConfigurationPlatforms) = preSolution
		Debug|Any CPU = Debug|Any CPU
		Release|Any CPU = Release|Any CPU
	EndGlobalSection
	GlobalSection(ProjectConfigurationPlatforms) = postSolution
		{2C9DF5EB-EF9B-4A3D-B60C-8D269C25553E}.Debug|Any CPU.ActiveCfg = Debug|Any CPU
		{2C9DF5EB-EF9B-4A3D-B60C-8D269C25553E}.Debug|Any CPU.Build.0 = Debug|Any CPU
		{2C9DF5EB-EF9B-4A3D-B60C-8D269C25553E}.Release|Any CPU.ActiveCfg = Release|Any CPU
		{2C9DF5EB-EF9B-4A3D-B60C-8D269C25553E}.Release|Any CPU.Build.0 = Release|Any CPU
		{9AAB0B2D-078C-4267-AB80-E8CF6E0D7647}.Debug|Any CPU.ActiveCfg = Debug|Any CPU
		{9AAB0B2D-078C-4267-AB80-E8CF6E0D7647}.Debug|Any CPU.Build.0 = Debug|Any CPU
		{9AAB0B2D-078C-4267-AB80-E8CF6E0D7647}.Release|Any CPU.ActiveCfg = Release|Any CPU
		{9AAB0B2D-078C-4267-AB80-E8CF6E0D7647}.Release|Any CPU.Build.0 = Release|Any CPU
		{7E5671B4-BFE8-41EE-9AB1-7498EC491DB5}.Debug|Any CPU.ActiveCfg = Debug|Any CPU
		{7E5671B4-BFE8-41EE-9AB1-7498EC491DB5}.Debug|Any CPU.Build.0 = Debug|Any CPU
		{7E5671B4-BFE8-41EE-9AB1-7498EC491DB5}.Release|Any CPU.ActiveCfg = Release|Any CPU
		{7E5671B4-BFE8-41EE-9AB1-7498EC491DB5}.Release|Any CPU.Build.0 = Release|Any CPU
		{2F4D3D7B-0C93-41A4-B97F-2F98AD061C0A}.Debug|Any CPU.ActiveCfg = Debug|Any CPU
		{2F4D3D7B-0C93-41A4-B97F-2F98AD061C0A}.Debug|Any CPU.Build.0 = Debug|Any CPU
		{2F4D3D7B-0C93-41A4-B97F-2F98AD061C0A}.Release|Any CPU.ActiveCfg = Release|Any CPU
		{2F4D3D7B-0C93-41A4-B97F-2F98AD061C0A}.Release|Any CPU.Build.0 = Release|Any CPU
	EndGlobalSection
	GlobalSection(SolutionProperties) = preSolution
		HideSolutionNode = FALSE
	EndGlobalSection
	GlobalSection(ExtensibilityGlobals) = postSolution
		SolutionGuid = {47D1AC74-C639-40C8-88B8-BDFA48A61B6A}
	EndGlobalSection
EndGlobal
